{
  "name": "CSRF-ers",
  "lockfileVersion": 2,
  "requires": true,
  "packages": {
    "": {
      "dependencies": {
        "@fortawesome/fontawesome-svg-core": "^6.2.0",
        "@fortawesome/free-solid-svg-icons": "^6.2.0",
        "@fortawesome/react-fontawesome": "^0.2.0",
        "@lexical/react": "^0.5.0",
        "@lexical/utils": "^0.5.0",
        "clsx": "^1.2.1",
        "lexical": "^0.5.0",
        "react-redux": "^8.0.4"
      }
    },
    "node_modules/@babel/runtime": {
      "version": "7.19.4",
      "resolved": "https://registry.npmjs.org/@babel/runtime/-/runtime-7.19.4.tgz",
      "integrity": "sha512-EXpLCrk55f+cYqmHsSR+yD/0gAIMxxA9QK9lnQWzhMCvt+YmoBN7Zx94s++Kv0+unHk39vxNO8t+CMA2WSS3wA==",
      "dependencies": {
        "regenerator-runtime": "^0.13.4"
      },
      "engines": {
        "node": ">=6.9.0"
      }
    },
    "node_modules/@fortawesome/fontawesome-common-types": {
      "version": "6.2.0",
      "resolved": "https://registry.npmjs.org/@fortawesome/fontawesome-common-types/-/fontawesome-common-types-6.2.0.tgz",
      "integrity": "sha512-rBevIsj2nclStJ7AxTdfsa3ovHb1H+qApwrxcTVo+NNdeJiB9V75hsKfrkG5AwNcRUNxrPPiScGYCNmLMoh8pg==",
      "hasInstallScript": true,
      "engines": {
        "node": ">=6"
      }
    },
    "node_modules/@fortawesome/fontawesome-svg-core": {
      "version": "6.2.0",
      "resolved": "https://registry.npmjs.org/@fortawesome/fontawesome-svg-core/-/fontawesome-svg-core-6.2.0.tgz",
      "integrity": "sha512-Cf2mAAeMWFMzpLC7Y9H1I4o3wEU+XovVJhTiNG8ZNgSQj53yl7OCJaS80K4YjrABWZzbAHVaoHE1dVJ27AAYXw==",
      "hasInstallScript": true,
      "dependencies": {
        "@fortawesome/fontawesome-common-types": "6.2.0"
      },
      "engines": {
        "node": ">=6"
      }
    },
    "node_modules/@fortawesome/free-solid-svg-icons": {
      "version": "6.2.0",
      "resolved": "https://registry.npmjs.org/@fortawesome/free-solid-svg-icons/-/free-solid-svg-icons-6.2.0.tgz",
      "integrity": "sha512-UjCILHIQ4I8cN46EiQn0CZL/h8AwCGgR//1c4R96Q5viSRwuKVo0NdQEc4bm+69ZwC0dUvjbDqAHF1RR5FA3XA==",
      "hasInstallScript": true,
      "dependencies": {
        "@fortawesome/fontawesome-common-types": "6.2.0"
      },
      "engines": {
        "node": ">=6"
      }
    },
    "node_modules/@fortawesome/react-fontawesome": {
      "version": "0.2.0",
      "resolved": "https://registry.npmjs.org/@fortawesome/react-fontawesome/-/react-fontawesome-0.2.0.tgz",
      "integrity": "sha512-uHg75Rb/XORTtVt7OS9WoK8uM276Ufi7gCzshVWkUJbHhh3svsUUeqXerrM96Wm7fRiDzfKRwSoahhMIkGAYHw==",
      "dependencies": {
        "prop-types": "^15.8.1"
      },
      "peerDependencies": {
        "@fortawesome/fontawesome-svg-core": "~1 || ~6",
        "react": ">=16.3"
      }
    },
    "node_modules/@lexical/clipboard": {
      "version": "0.5.0",
      "resolved": "https://registry.npmjs.org/@lexical/clipboard/-/clipboard-0.5.0.tgz",
      "integrity": "sha512-JFvdH4N/80GxC0jhaiO/fdUOeYcX8pMFrcrpBDeNIcBN/9eF8Rn/czvoPLLNB9Kcbz8d8XXqabKEGCz2hFL//w==",
      "dependencies": {
        "@lexical/html": "0.5.0",
        "@lexical/list": "0.5.0",
        "@lexical/selection": "0.5.0",
        "@lexical/utils": "0.5.0"
      },
      "peerDependencies": {
        "lexical": "0.5.0"
      }
    },
    "node_modules/@lexical/code": {
      "version": "0.5.0",
      "resolved": "https://registry.npmjs.org/@lexical/code/-/code-0.5.0.tgz",
      "integrity": "sha512-GmqRaQ8EBtlu13ObSZYiGDzIsrkwRyyqI2HRVBrPo2iszLBpby+7uIncAVQVkxt1JNYOKE2n4JfxK8TSYyMtYQ==",
      "dependencies": {
        "@lexical/utils": "0.5.0",
        "prismjs": "^1.27.0"
      },
      "peerDependencies": {
        "lexical": "0.5.0"
      }
    },
    "node_modules/@lexical/dragon": {
      "version": "0.5.0",
      "resolved": "https://registry.npmjs.org/@lexical/dragon/-/dragon-0.5.0.tgz",
      "integrity": "sha512-Gf0jN8hjlF8E71wAsvbRpR1u9oS6RUjUw3VWp/Qa+IrtjBFFVzdTUloUs3cjMX9E/MFRJgt3wPsaKx2IuLBWQw==",
      "peerDependencies": {
        "lexical": "0.5.0"
      }
    },
    "node_modules/@lexical/hashtag": {
      "version": "0.5.0",
      "resolved": "https://registry.npmjs.org/@lexical/hashtag/-/hashtag-0.5.0.tgz",
      "integrity": "sha512-3MT72y72BmK4q7Rtb9gP3n83UL4vWC078T9io4zyPxKEI1Mh3UAVuRwh6Ypn0FeH94XvmuZAGVdoOC/nTd1now==",
      "dependencies": {
        "@lexical/utils": "0.5.0"
      },
      "peerDependencies": {
        "lexical": "0.5.0"
      }
    },
    "node_modules/@lexical/history": {
      "version": "0.5.0",
      "resolved": "https://registry.npmjs.org/@lexical/history/-/history-0.5.0.tgz",
      "integrity": "sha512-DCQgh1aQ1KS5JVYPU6GYr52BN0MQqmoXfFtf5uYCX9CbSAC0hDSK8ZPqwFW7jINqe6GwXxy7bo32j7E0A5023A==",
      "dependencies": {
        "@lexical/utils": "0.5.0"
      },
      "peerDependencies": {
        "lexical": "0.5.0"
      }
    },
    "node_modules/@lexical/html": {
      "version": "0.5.0",
      "resolved": "https://registry.npmjs.org/@lexical/html/-/html-0.5.0.tgz",
      "integrity": "sha512-uJAof6gXTLOH9JnmPJ+wxILFtu7I/eCebFyVMjV53sqaeLsQ3pDfBTUe4RO+NciC+XBQ1WVpZgCM8Yx5c5cMmQ==",
      "dependencies": {
        "@lexical/selection": "0.5.0"
      },
      "peerDependencies": {
        "lexical": "0.5.0"
      }
    },
    "node_modules/@lexical/link": {
      "version": "0.5.0",
      "resolved": "https://registry.npmjs.org/@lexical/link/-/link-0.5.0.tgz",
      "integrity": "sha512-XB8e+UPI9jeqsi7+Wr0n9SToljiS+gZmJ5gXANtR6lSZPtpcSUPs1iJZU2A2dNKXdvsZwSPCFdPL6ogFaaRvvQ==",
      "dependencies": {
        "@lexical/utils": "0.5.0"
      },
      "peerDependencies": {
        "lexical": "0.5.0"
      }
    },
    "node_modules/@lexical/list": {
      "version": "0.5.0",
      "resolved": "https://registry.npmjs.org/@lexical/list/-/list-0.5.0.tgz",
      "integrity": "sha512-TYXe4FtNL7Lk3XDEhPyUbT0Pb1TU58qZywGCdrtuRjPnF4oDvRXgg9EhYWfHzYwdsyhNgaHId+Fq41CjrwTMYg==",
      "dependencies": {
        "@lexical/utils": "0.5.0"
      },
      "peerDependencies": {
        "lexical": "0.5.0"
      }
    },
    "node_modules/@lexical/mark": {
      "version": "0.5.0",
      "resolved": "https://registry.npmjs.org/@lexical/mark/-/mark-0.5.0.tgz",
      "integrity": "sha512-leeqegWD4hqUdfYNsxB5iwsWozX2oc6mnJzcJfR4UB3Ksr0zH2xHc/z3Zp+CTeGuK5Tzppq5yGS+4cQ5xNpVgQ==",
      "dependencies": {
        "@lexical/utils": "0.5.0"
      },
      "peerDependencies": {
        "lexical": "0.5.0"
      }
    },
    "node_modules/@lexical/markdown": {
      "version": "0.5.0",
      "resolved": "https://registry.npmjs.org/@lexical/markdown/-/markdown-0.5.0.tgz",
      "integrity": "sha512-02RLx7PdVzvYxvx65FTbXkW6KcjQZ1waAaMDNKdtBV9r9Mv2Y2XunCUjErYHQ1JN9JkGGv0+JuliRT7qZTsF+Q==",
      "dependencies": {
        "@lexical/code": "0.5.0",
        "@lexical/link": "0.5.0",
        "@lexical/list": "0.5.0",
        "@lexical/rich-text": "0.5.0",
        "@lexical/text": "0.5.0",
        "@lexical/utils": "0.5.0"
      },
      "peerDependencies": {
        "lexical": "0.5.0"
      }
    },
    "node_modules/@lexical/offset": {
      "version": "0.5.0",
      "resolved": "https://registry.npmjs.org/@lexical/offset/-/offset-0.5.0.tgz",
      "integrity": "sha512-ie4AFbvtt0CFBqaMcb0/gUuhoTt+YwbFXPFo1hW+oDVpmo3rJsEJKVsHhftBvHIP+/G5QlgPIhVmnlcSvEteTw==",
      "peerDependencies": {
        "lexical": "0.5.0"
      }
    },
    "node_modules/@lexical/overflow": {
      "version": "0.5.0",
      "resolved": "https://registry.npmjs.org/@lexical/overflow/-/overflow-0.5.0.tgz",
      "integrity": "sha512-N+BQvgODU9lS7VK4FlxIRhGeASwsxfdkECtZ5iomHfqqNEI0WPLHbCTCkwS10rjfH1NrkXC314Y0SG2F7Ncv9Q==",
      "peerDependencies": {
        "lexical": "0.5.0"
      }
    },
    "node_modules/@lexical/plain-text": {
      "version": "0.5.0",
      "resolved": "https://registry.npmjs.org/@lexical/plain-text/-/plain-text-0.5.0.tgz",
      "integrity": "sha512-t1rnVnSXbPs9jLN/36/xZLNAlF9jwv8rSh6GHsjRIYiWX/MovNmgPmhNq/nkc+gRFZ2FKTFjdz3UeAUF4xQZMw==",
      "peerDependencies": {
        "@lexical/clipboard": "0.5.0",
        "@lexical/selection": "0.5.0",
        "@lexical/utils": "0.5.0",
        "lexical": "0.5.0"
      }
    },
    "node_modules/@lexical/react": {
      "version": "0.5.0",
      "resolved": "https://registry.npmjs.org/@lexical/react/-/react-0.5.0.tgz",
      "integrity": "sha512-bba0KXslxjf6M8XXJhx1rsrq9UV/6eo73WCZel2K+tGz8NEn1HCRTebQoebmRikzEQatEa3SoB6R47drMlk7Yw==",
      "dependencies": {
        "@lexical/clipboard": "0.5.0",
        "@lexical/code": "0.5.0",
        "@lexical/dragon": "0.5.0",
        "@lexical/hashtag": "0.5.0",
        "@lexical/history": "0.5.0",
        "@lexical/link": "0.5.0",
        "@lexical/list": "0.5.0",
        "@lexical/mark": "0.5.0",
        "@lexical/markdown": "0.5.0",
        "@lexical/overflow": "0.5.0",
        "@lexical/plain-text": "0.5.0",
        "@lexical/rich-text": "0.5.0",
        "@lexical/selection": "0.5.0",
        "@lexical/table": "0.5.0",
        "@lexical/text": "0.5.0",
        "@lexical/utils": "0.5.0",
        "@lexical/yjs": "0.5.0"
      },
      "peerDependencies": {
        "lexical": "0.5.0",
        "react": ">=17.x",
        "react-dom": ">=17.x"
      }
    },
    "node_modules/@lexical/rich-text": {
      "version": "0.5.0",
      "resolved": "https://registry.npmjs.org/@lexical/rich-text/-/rich-text-0.5.0.tgz",
      "integrity": "sha512-JhgMn70K410j3T/2WefPpEswZ+hWF3aJMNu7zkrCf2wB+KdrrGYoeNSZUzg2r4e6BuJgS117KlD99+MDnokCuw==",
      "peerDependencies": {
        "@lexical/clipboard": "0.5.0",
        "@lexical/selection": "0.5.0",
        "@lexical/utils": "0.5.0",
        "lexical": "0.5.0"
      }
    },
    "node_modules/@lexical/selection": {
      "version": "0.5.0",
      "resolved": "https://registry.npmjs.org/@lexical/selection/-/selection-0.5.0.tgz",
      "integrity": "sha512-6I5qlqkYDIbDZPGwSOuvpWQUrqMY6URaKwrWsijQZMnNNKscGpC7IKb7sSDKn6YkLm7tuqig3hf2p+6hshkyWg==",
      "peerDependencies": {
        "lexical": "0.5.0"
      }
    },
    "node_modules/@lexical/table": {
      "version": "0.5.0",
      "resolved": "https://registry.npmjs.org/@lexical/table/-/table-0.5.0.tgz",
      "integrity": "sha512-VNHWSsTFDSHNzLdQOR9qgKx4tvTuiDz6w0GfwBnMP4Ro2iKKtNowmZO4wDEZtVlUHvLMuOGuYqipOtKEDKbD4w==",
      "dependencies": {
        "@lexical/utils": "0.5.0"
      },
      "peerDependencies": {
        "lexical": "0.5.0"
      }
    },
    "node_modules/@lexical/text": {
      "version": "0.5.0",
      "resolved": "https://registry.npmjs.org/@lexical/text/-/text-0.5.0.tgz",
      "integrity": "sha512-RqhOBU2Ecg0WVW8p1d3OB2a8sQyvh3suADdr7We50+Dn/k1M+jhKVWiQnf07ve4/yqYTj6/9/8AAg7kuNS2P/A==",
      "peerDependencies": {
        "lexical": "0.5.0"
      }
    },
    "node_modules/@lexical/utils": {
      "version": "0.5.0",
      "resolved": "https://registry.npmjs.org/@lexical/utils/-/utils-0.5.0.tgz",
      "integrity": "sha512-FhQ+thPFTOyBxyRGcd3yJuYh/rvD8ro43DaelWD1KpSlwQ/YuWpdxsSuMqJ32ERpl+bmPPFP2kjkBofxSw1Quw==",
      "dependencies": {
        "@lexical/list": "0.5.0",
        "@lexical/table": "0.5.0"
      },
      "peerDependencies": {
        "lexical": "0.5.0"
      }
    },
    "node_modules/@lexical/yjs": {
      "version": "0.5.0",
      "resolved": "https://registry.npmjs.org/@lexical/yjs/-/yjs-0.5.0.tgz",
      "integrity": "sha512-2io4GqnRoSh6Nu9bzsDOlwPFJYjXZ9SdgU4ZioH2VvyW4wVstd+ZF2QVcUJlhuwgQr6DzuvM/pqN914IufLzpw==",
      "dependencies": {
        "@lexical/offset": "0.5.0"
      },
      "peerDependencies": {
        "lexical": "0.5.0",
        "yjs": ">=13.5.22"
      }
    },
    "node_modules/@types/hoist-non-react-statics": {
      "version": "3.3.1",
      "resolved": "https://registry.npmjs.org/@types/hoist-non-react-statics/-/hoist-non-react-statics-3.3.1.tgz",
      "integrity": "sha512-iMIqiko6ooLrTh1joXodJK5X9xeEALT1kM5G3ZLhD3hszxBdIEd5C75U834D9mLcINgD4OyZf5uQXjkuYydWvA==",
      "dependencies": {
        "@types/react": "*",
        "hoist-non-react-statics": "^3.3.0"
      }
    },
    "node_modules/@types/prop-types": {
      "version": "15.7.5",
      "resolved": "https://registry.npmjs.org/@types/prop-types/-/prop-types-15.7.5.tgz",
      "integrity": "sha512-JCB8C6SnDoQf0cNycqd/35A7MjcnK+ZTqE7judS6o7utxUCg6imJg3QK2qzHKszlTjcj2cn+NwMB2i96ubpj7w=="
    },
    "node_modules/@types/react": {
      "version": "18.0.23",
      "resolved": "https://registry.npmjs.org/@types/react/-/react-18.0.23.tgz",
      "integrity": "sha512-R1wTULtCiJkudAN2DJGoYYySbGtOdzZyUWAACYinKdiQC8auxso4kLDUhQ7AJ2kh3F6A6z4v69U6tNY39hihVQ==",
      "dependencies": {
        "@types/prop-types": "*",
        "@types/scheduler": "*",
        "csstype": "^3.0.2"
      }
    },
    "node_modules/@types/scheduler": {
      "version": "0.16.2",
      "resolved": "https://registry.npmjs.org/@types/scheduler/-/scheduler-0.16.2.tgz",
      "integrity": "sha512-hppQEBDmlwhFAXKJX2KnWLYu5yMfi91yazPb2l+lbJiwW+wdo1gNeRA+3RgNSO39WYX2euey41KEwnqesU2Jew=="
    },
    "node_modules/@types/use-sync-external-store": {
      "version": "0.0.3",
      "resolved": "https://registry.npmjs.org/@types/use-sync-external-store/-/use-sync-external-store-0.0.3.tgz",
      "integrity": "sha512-EwmlvuaxPNej9+T4v5AuBPJa2x2UOJVdjCtDHgcDqitUeOtjnJKJ+apYjVcAoBEMjKW1VVFGZLUb5+qqa09XFA=="
    },
    "node_modules/clsx": {
      "version": "1.2.1",
      "resolved": "https://registry.npmjs.org/clsx/-/clsx-1.2.1.tgz",
      "integrity": "sha512-EcR6r5a8bj6pu3ycsa/E/cKVGuTgZJZdsyUYHOksG/UHIiKfjxzRxYJpyVBwYaQeOvghal9fcc4PidlgzugAQg==",
      "engines": {
        "node": ">=6"
      }
    },
    "node_modules/csstype": {
      "version": "3.1.1",
      "resolved": "https://registry.npmjs.org/csstype/-/csstype-3.1.1.tgz",
      "integrity": "sha512-DJR/VvkAvSZW9bTouZue2sSxDwdTN92uHjqeKVm+0dAqdfNykRzQ95tay8aXMBAAPpUiq4Qcug2L7neoRh2Egw=="
    },
    "node_modules/hoist-non-react-statics": {
      "version": "3.3.2",
      "resolved": "https://registry.npmjs.org/hoist-non-react-statics/-/hoist-non-react-statics-3.3.2.tgz",
      "integrity": "sha512-/gGivxi8JPKWNm/W0jSmzcMPpfpPLc3dY/6GxhX2hQ9iGj3aDfklV4ET7NjKpSinLpJ5vafa9iiGIEZg10SfBw==",
      "dependencies": {
        "react-is": "^16.7.0"
      }
    },
    "node_modules/isomorphic.js": {
      "version": "0.2.5",
      "resolved": "https://registry.npmjs.org/isomorphic.js/-/isomorphic.js-0.2.5.tgz",
      "integrity": "sha512-PIeMbHqMt4DnUP3MA/Flc0HElYjMXArsw1qwJZcm9sqR8mq3l8NYizFMty0pWwE/tzIGH3EKK5+jes5mAr85yw==",
      "peer": true,
      "funding": {
        "type": "GitHub Sponsors ❤",
        "url": "https://github.com/sponsors/dmonad"
      }
    },
    "node_modules/js-tokens": {
      "version": "4.0.0",
      "resolved": "https://registry.npmjs.org/js-tokens/-/js-tokens-4.0.0.tgz",
      "integrity": "sha512-RdJUflcE3cUzKiMqQgsCu06FPu9UdIJO0beYbPhHN4k6apgJtifcoCtT9bcxOpYBtpD2kCM6Sbzg4CausW/PKQ=="
    },
    "node_modules/lexical": {
      "version": "0.5.0",
      "resolved": "https://registry.npmjs.org/lexical/-/lexical-0.5.0.tgz",
      "integrity": "sha512-J0cFuNPQQY5P9W5XW2/xgqp5W0eEQ2rxShLf8eevLvxFWsPSY3zjg3RCzTHyheSiGBBjKDIaM4gxtO8eNeJr2A=="
    },
    "node_modules/lib0": {
      "version": "0.2.52",
      "resolved": "https://registry.npmjs.org/lib0/-/lib0-0.2.52.tgz",
      "integrity": "sha512-CjxlM7UgICfN6b2OPALBXchIBiNk6jE+1g7JP8ha+dh1xKRDSYpH0WQl1+rMqCju49xUnwPG34v4CR5/rPOZhg==",
      "peer": true,
      "dependencies": {
        "isomorphic.js": "^0.2.4"
      },
      "engines": {
        "node": ">=14"
      },
      "funding": {
        "type": "GitHub Sponsors ❤",
        "url": "https://github.com/sponsors/dmonad"
      }
    },
    "node_modules/loose-envify": {
      "version": "1.4.0",
      "resolved": "https://registry.npmjs.org/loose-envify/-/loose-envify-1.4.0.tgz",
      "integrity": "sha512-lyuxPGr/Wfhrlem2CL/UcnUc1zcqKAImBDzukY7Y5F/yQiNdko6+fRLevlw1HgMySw7f611UIY408EtxRSoK3Q==",
      "dependencies": {
        "js-tokens": "^3.0.0 || ^4.0.0"
      },
      "bin": {
        "loose-envify": "cli.js"
      }
    },
    "node_modules/object-assign": {
      "version": "4.1.1",
      "resolved": "https://registry.npmjs.org/object-assign/-/object-assign-4.1.1.tgz",
      "integrity": "sha512-rJgTQnkUnH1sFw8yT6VSU3zD3sWmu6sZhIseY8VX+GRu3P6F7Fu+JNDoXfklElbLJSnc3FUQHVe4cU5hj+BcUg==",
      "engines": {
        "node": ">=0.10.0"
      }
    },
    "node_modules/prismjs": {
      "version": "1.29.0",
      "resolved": "https://registry.npmjs.org/prismjs/-/prismjs-1.29.0.tgz",
      "integrity": "sha512-Kx/1w86q/epKcmte75LNrEoT+lX8pBpavuAbvJWRXar7Hz8jrtF+e3vY751p0R8H9HdArwaCTNDDzHg/ScJK1Q==",
      "engines": {
        "node": ">=6"
      }
    },
    "node_modules/prop-types": {
      "version": "15.8.1",
      "resolved": "https://registry.npmjs.org/prop-types/-/prop-types-15.8.1.tgz",
      "integrity": "sha512-oj87CgZICdulUohogVAR7AjlC0327U4el4L6eAvOqCeudMDVU0NThNaV+b9Df4dXgSP1gXMTnPdhfe/2qDH5cg==",
      "dependencies": {
        "loose-envify": "^1.4.0",
        "object-assign": "^4.1.1",
        "react-is": "^16.13.1"
      }
    },
    "node_modules/react": {
      "version": "18.2.0",
      "resolved": "https://registry.npmjs.org/react/-/react-18.2.0.tgz",
      "integrity": "sha512-/3IjMdb2L9QbBdWiW5e3P2/npwMBaU9mHCSCUzNln0ZCYbcfTsGbTJrU/kGemdH2IWmB2ioZ+zkxtmq6g09fGQ==",
      "peer": true,
      "dependencies": {
        "loose-envify": "^1.1.0"
      },
      "engines": {
        "node": ">=0.10.0"
      }
    },
    "node_modules/react-dom": {
      "version": "18.2.0",
      "resolved": "https://registry.npmjs.org/react-dom/-/react-dom-18.2.0.tgz",
      "integrity": "sha512-6IMTriUmvsjHUjNtEDudZfuDQUoWXVxKHhlEGSk81n4YFS+r/Kl99wXiwlVXtPBtJenozv2P+hxDsw9eA7Xo6g==",
      "peer": true,
      "dependencies": {
        "loose-envify": "^1.1.0",
        "scheduler": "^0.23.0"
      },
      "peerDependencies": {
        "react": "^18.2.0"
      }
    },
    "node_modules/react-is": {
      "version": "16.13.1",
      "resolved": "https://registry.npmjs.org/react-is/-/react-is-16.13.1.tgz",
      "integrity": "sha512-24e6ynE2H+OKt4kqsOvNd8kBpV65zoxbA4BVsEOB3ARVWQki/DHzaUoC5KuON/BiccDaCCTZBuOcfZs70kR8bQ=="
    },
    "node_modules/react-redux": {
      "version": "8.0.4",
      "resolved": "https://registry.npmjs.org/react-redux/-/react-redux-8.0.4.tgz",
      "integrity": "sha512-yMfQ7mX6bWuicz2fids6cR1YT59VTuT8MKyyE310wJQlINKENCeT1UcPdEiX6znI5tF8zXyJ/VYvDgeGuaaNwQ==",
      "dependencies": {
        "@babel/runtime": "^7.12.1",
        "@types/hoist-non-react-statics": "^3.3.1",
        "@types/use-sync-external-store": "^0.0.3",
        "hoist-non-react-statics": "^3.3.2",
        "react-is": "^18.0.0",
        "use-sync-external-store": "^1.0.0"
      },
      "peerDependencies": {
        "@types/react": "^16.8 || ^17.0 || ^18.0",
        "@types/react-dom": "^16.8 || ^17.0 || ^18.0",
        "react": "^16.8 || ^17.0 || ^18.0",
        "react-dom": "^16.8 || ^17.0 || ^18.0",
        "react-native": ">=0.59",
        "redux": "^4"
      },
      "peerDependenciesMeta": {
        "@types/react": {
          "optional": true
        },
        "@types/react-dom": {
          "optional": true
        },
        "react-dom": {
          "optional": true
        },
        "react-native": {
          "optional": true
        },
        "redux": {
          "optional": true
        }
      }
    },
    "node_modules/react-redux/node_modules/react-is": {
      "version": "18.2.0",
      "resolved": "https://registry.npmjs.org/react-is/-/react-is-18.2.0.tgz",
      "integrity": "sha512-xWGDIW6x921xtzPkhiULtthJHoJvBbF3q26fzloPCK0hsvxtPVelvftw3zjbHWSkR2km9Z+4uxbDDK/6Zw9B8w=="
    },
    "node_modules/regenerator-runtime": {
      "version": "0.13.10",
      "resolved": "https://registry.npmjs.org/regenerator-runtime/-/regenerator-runtime-0.13.10.tgz",
      "integrity": "sha512-KepLsg4dU12hryUO7bp/axHAKvwGOCV0sGloQtpagJ12ai+ojVDqkeGSiRX1zlq+kjIMZ1t7gpze+26QqtdGqw=="
    },
    "node_modules/scheduler": {
      "version": "0.23.0",
      "resolved": "https://registry.npmjs.org/scheduler/-/scheduler-0.23.0.tgz",
      "integrity": "sha512-CtuThmgHNg7zIZWAXi3AsyIzA3n4xx7aNyjwC2VJldO2LMVDhFK+63xGqq6CsJH4rTAt6/M+N4GhZiDYPx9eUw==",
      "peer": true,
      "dependencies": {
        "loose-envify": "^1.1.0"
      }
    },
    "node_modules/use-sync-external-store": {
      "version": "1.2.0",
      "resolved": "https://registry.npmjs.org/use-sync-external-store/-/use-sync-external-store-1.2.0.tgz",
      "integrity": "sha512-eEgnFxGQ1Ife9bzYs6VLi8/4X6CObHMw9Qr9tPY43iKwsPw8xE8+EFsf/2cFZ5S3esXgpWgtSCtLNS41F+sKPA==",
      "peerDependencies": {
        "react": "^16.8.0 || ^17.0.0 || ^18.0.0"
      }
    },
    "node_modules/yjs": {
      "version": "13.5.42",
      "resolved": "https://registry.npmjs.org/yjs/-/yjs-13.5.42.tgz",
      "integrity": "sha512-3aYBPeUSBUCs/vCOYolbyzhsQ6IDm1DeJgfhHVbW+6kq8YhWjkk2SUhYtBxd3lZPNsqmJGzYH9shKINhSVbEzw==",
      "peer": true,
      "dependencies": {
        "lib0": "^0.2.49"
      },
      "funding": {
        "type": "GitHub Sponsors ❤",
        "url": "https://github.com/sponsors/dmonad"
      }
    }
  },
  "dependencies": {
    "@babel/runtime": {
      "version": "7.19.4",
      "resolved": "https://registry.npmjs.org/@babel/runtime/-/runtime-7.19.4.tgz",
      "integrity": "sha512-EXpLCrk55f+cYqmHsSR+yD/0gAIMxxA9QK9lnQWzhMCvt+YmoBN7Zx94s++Kv0+unHk39vxNO8t+CMA2WSS3wA==",
      "requires": {
        "regenerator-runtime": "^0.13.4"
      }
    },
    "@fortawesome/fontawesome-common-types": {
      "version": "6.2.0",
      "resolved": "https://registry.npmjs.org/@fortawesome/fontawesome-common-types/-/fontawesome-common-types-6.2.0.tgz",
      "integrity": "sha512-rBevIsj2nclStJ7AxTdfsa3ovHb1H+qApwrxcTVo+NNdeJiB9V75hsKfrkG5AwNcRUNxrPPiScGYCNmLMoh8pg=="
    },
    "@fortawesome/fontawesome-svg-core": {
      "version": "6.2.0",
      "resolved": "https://registry.npmjs.org/@fortawesome/fontawesome-svg-core/-/fontawesome-svg-core-6.2.0.tgz",
      "integrity": "sha512-Cf2mAAeMWFMzpLC7Y9H1I4o3wEU+XovVJhTiNG8ZNgSQj53yl7OCJaS80K4YjrABWZzbAHVaoHE1dVJ27AAYXw==",
      "requires": {
        "@fortawesome/fontawesome-common-types": "6.2.0"
      }
    },
    "@fortawesome/free-solid-svg-icons": {
      "version": "6.2.0",
      "resolved": "https://registry.npmjs.org/@fortawesome/free-solid-svg-icons/-/free-solid-svg-icons-6.2.0.tgz",
      "integrity": "sha512-UjCILHIQ4I8cN46EiQn0CZL/h8AwCGgR//1c4R96Q5viSRwuKVo0NdQEc4bm+69ZwC0dUvjbDqAHF1RR5FA3XA==",
      "requires": {
        "@fortawesome/fontawesome-common-types": "6.2.0"
      }
    },
    "@fortawesome/react-fontawesome": {
      "version": "0.2.0",
      "resolved": "https://registry.npmjs.org/@fortawesome/react-fontawesome/-/react-fontawesome-0.2.0.tgz",
      "integrity": "sha512-uHg75Rb/XORTtVt7OS9WoK8uM276Ufi7gCzshVWkUJbHhh3svsUUeqXerrM96Wm7fRiDzfKRwSoahhMIkGAYHw==",
      "requires": {
        "prop-types": "^15.8.1"
      }
    },
    "@lexical/clipboard": {
      "version": "0.5.0",
      "resolved": "https://registry.npmjs.org/@lexical/clipboard/-/clipboard-0.5.0.tgz",
      "integrity": "sha512-JFvdH4N/80GxC0jhaiO/fdUOeYcX8pMFrcrpBDeNIcBN/9eF8Rn/czvoPLLNB9Kcbz8d8XXqabKEGCz2hFL//w==",
      "requires": {
        "@lexical/html": "0.5.0",
        "@lexical/list": "0.5.0",
        "@lexical/selection": "0.5.0",
        "@lexical/utils": "0.5.0"
      }
    },
    "@lexical/code": {
      "version": "0.5.0",
      "resolved": "https://registry.npmjs.org/@lexical/code/-/code-0.5.0.tgz",
      "integrity": "sha512-GmqRaQ8EBtlu13ObSZYiGDzIsrkwRyyqI2HRVBrPo2iszLBpby+7uIncAVQVkxt1JNYOKE2n4JfxK8TSYyMtYQ==",
      "requires": {
        "@lexical/utils": "0.5.0",
        "prismjs": "^1.27.0"
      }
    },
    "@lexical/dragon": {
      "version": "0.5.0",
      "resolved": "https://registry.npmjs.org/@lexical/dragon/-/dragon-0.5.0.tgz",
      "integrity": "sha512-Gf0jN8hjlF8E71wAsvbRpR1u9oS6RUjUw3VWp/Qa+IrtjBFFVzdTUloUs3cjMX9E/MFRJgt3wPsaKx2IuLBWQw==",
      "requires": {}
    },
    "@lexical/hashtag": {
      "version": "0.5.0",
      "resolved": "https://registry.npmjs.org/@lexical/hashtag/-/hashtag-0.5.0.tgz",
      "integrity": "sha512-3MT72y72BmK4q7Rtb9gP3n83UL4vWC078T9io4zyPxKEI1Mh3UAVuRwh6Ypn0FeH94XvmuZAGVdoOC/nTd1now==",
      "requires": {
        "@lexical/utils": "0.5.0"
      }
    },
    "@lexical/history": {
      "version": "0.5.0",
      "resolved": "https://registry.npmjs.org/@lexical/history/-/history-0.5.0.tgz",
      "integrity": "sha512-DCQgh1aQ1KS5JVYPU6GYr52BN0MQqmoXfFtf5uYCX9CbSAC0hDSK8ZPqwFW7jINqe6GwXxy7bo32j7E0A5023A==",
      "requires": {
        "@lexical/utils": "0.5.0"
      }
    },
    "@lexical/html": {
      "version": "0.5.0",
      "resolved": "https://registry.npmjs.org/@lexical/html/-/html-0.5.0.tgz",
      "integrity": "sha512-uJAof6gXTLOH9JnmPJ+wxILFtu7I/eCebFyVMjV53sqaeLsQ3pDfBTUe4RO+NciC+XBQ1WVpZgCM8Yx5c5cMmQ==",
      "requires": {
        "@lexical/selection": "0.5.0"
      }
    },
    "@lexical/link": {
      "version": "0.5.0",
      "resolved": "https://registry.npmjs.org/@lexical/link/-/link-0.5.0.tgz",
      "integrity": "sha512-XB8e+UPI9jeqsi7+Wr0n9SToljiS+gZmJ5gXANtR6lSZPtpcSUPs1iJZU2A2dNKXdvsZwSPCFdPL6ogFaaRvvQ==",
      "requires": {
        "@lexical/utils": "0.5.0"
      }
    },
    "@lexical/list": {
      "version": "0.5.0",
      "resolved": "https://registry.npmjs.org/@lexical/list/-/list-0.5.0.tgz",
      "integrity": "sha512-TYXe4FtNL7Lk3XDEhPyUbT0Pb1TU58qZywGCdrtuRjPnF4oDvRXgg9EhYWfHzYwdsyhNgaHId+Fq41CjrwTMYg==",
      "requires": {
        "@lexical/utils": "0.5.0"
      }
    },
    "@lexical/mark": {
      "version": "0.5.0",
      "resolved": "https://registry.npmjs.org/@lexical/mark/-/mark-0.5.0.tgz",
      "integrity": "sha512-leeqegWD4hqUdfYNsxB5iwsWozX2oc6mnJzcJfR4UB3Ksr0zH2xHc/z3Zp+CTeGuK5Tzppq5yGS+4cQ5xNpVgQ==",
      "requires": {
        "@lexical/utils": "0.5.0"
      }
    },
    "@lexical/markdown": {
      "version": "0.5.0",
      "resolved": "https://registry.npmjs.org/@lexical/markdown/-/markdown-0.5.0.tgz",
      "integrity": "sha512-02RLx7PdVzvYxvx65FTbXkW6KcjQZ1waAaMDNKdtBV9r9Mv2Y2XunCUjErYHQ1JN9JkGGv0+JuliRT7qZTsF+Q==",
      "requires": {
        "@lexical/code": "0.5.0",
        "@lexical/link": "0.5.0",
        "@lexical/list": "0.5.0",
        "@lexical/rich-text": "0.5.0",
        "@lexical/text": "0.5.0",
        "@lexical/utils": "0.5.0"
      }
    },
    "@lexical/offset": {
      "version": "0.5.0",
      "resolved": "https://registry.npmjs.org/@lexical/offset/-/offset-0.5.0.tgz",
      "integrity": "sha512-ie4AFbvtt0CFBqaMcb0/gUuhoTt+YwbFXPFo1hW+oDVpmo3rJsEJKVsHhftBvHIP+/G5QlgPIhVmnlcSvEteTw==",
      "requires": {}
    },
    "@lexical/overflow": {
      "version": "0.5.0",
      "resolved": "https://registry.npmjs.org/@lexical/overflow/-/overflow-0.5.0.tgz",
      "integrity": "sha512-N+BQvgODU9lS7VK4FlxIRhGeASwsxfdkECtZ5iomHfqqNEI0WPLHbCTCkwS10rjfH1NrkXC314Y0SG2F7Ncv9Q==",
      "requires": {}
    },
    "@lexical/plain-text": {
      "version": "0.5.0",
      "resolved": "https://registry.npmjs.org/@lexical/plain-text/-/plain-text-0.5.0.tgz",
      "integrity": "sha512-t1rnVnSXbPs9jLN/36/xZLNAlF9jwv8rSh6GHsjRIYiWX/MovNmgPmhNq/nkc+gRFZ2FKTFjdz3UeAUF4xQZMw==",
      "requires": {}
    },
    "@lexical/react": {
      "version": "0.5.0",
      "resolved": "https://registry.npmjs.org/@lexical/react/-/react-0.5.0.tgz",
      "integrity": "sha512-bba0KXslxjf6M8XXJhx1rsrq9UV/6eo73WCZel2K+tGz8NEn1HCRTebQoebmRikzEQatEa3SoB6R47drMlk7Yw==",
      "requires": {
        "@lexical/clipboard": "0.5.0",
        "@lexical/code": "0.5.0",
        "@lexical/dragon": "0.5.0",
        "@lexical/hashtag": "0.5.0",
        "@lexical/history": "0.5.0",
        "@lexical/link": "0.5.0",
        "@lexical/list": "0.5.0",
        "@lexical/mark": "0.5.0",
        "@lexical/markdown": "0.5.0",
        "@lexical/overflow": "0.5.0",
        "@lexical/plain-text": "0.5.0",
        "@lexical/rich-text": "0.5.0",
        "@lexical/selection": "0.5.0",
        "@lexical/table": "0.5.0",
        "@lexical/text": "0.5.0",
        "@lexical/utils": "0.5.0",
        "@lexical/yjs": "0.5.0"
      }
    },
    "@lexical/rich-text": {
      "version": "0.5.0",
      "resolved": "https://registry.npmjs.org/@lexical/rich-text/-/rich-text-0.5.0.tgz",
      "integrity": "sha512-JhgMn70K410j3T/2WefPpEswZ+hWF3aJMNu7zkrCf2wB+KdrrGYoeNSZUzg2r4e6BuJgS117KlD99+MDnokCuw==",
      "requires": {}
    },
    "@lexical/selection": {
      "version": "0.5.0",
      "resolved": "https://registry.npmjs.org/@lexical/selection/-/selection-0.5.0.tgz",
      "integrity": "sha512-6I5qlqkYDIbDZPGwSOuvpWQUrqMY6URaKwrWsijQZMnNNKscGpC7IKb7sSDKn6YkLm7tuqig3hf2p+6hshkyWg==",
      "requires": {}
    },
    "@lexical/table": {
      "version": "0.5.0",
      "resolved": "https://registry.npmjs.org/@lexical/table/-/table-0.5.0.tgz",
      "integrity": "sha512-VNHWSsTFDSHNzLdQOR9qgKx4tvTuiDz6w0GfwBnMP4Ro2iKKtNowmZO4wDEZtVlUHvLMuOGuYqipOtKEDKbD4w==",
      "requires": {
        "@lexical/utils": "0.5.0"
      }
    },
    "@lexical/text": {
      "version": "0.5.0",
      "resolved": "https://registry.npmjs.org/@lexical/text/-/text-0.5.0.tgz",
      "integrity": "sha512-RqhOBU2Ecg0WVW8p1d3OB2a8sQyvh3suADdr7We50+Dn/k1M+jhKVWiQnf07ve4/yqYTj6/9/8AAg7kuNS2P/A==",
      "requires": {}
    },
    "@lexical/utils": {
      "version": "0.5.0",
      "resolved": "https://registry.npmjs.org/@lexical/utils/-/utils-0.5.0.tgz",
      "integrity": "sha512-FhQ+thPFTOyBxyRGcd3yJuYh/rvD8ro43DaelWD1KpSlwQ/YuWpdxsSuMqJ32ERpl+bmPPFP2kjkBofxSw1Quw==",
      "requires": {
        "@lexical/list": "0.5.0",
        "@lexical/table": "0.5.0"
      }
    },
    "@lexical/yjs": {
      "version": "0.5.0",
      "resolved": "https://registry.npmjs.org/@lexical/yjs/-/yjs-0.5.0.tgz",
      "integrity": "sha512-2io4GqnRoSh6Nu9bzsDOlwPFJYjXZ9SdgU4ZioH2VvyW4wVstd+ZF2QVcUJlhuwgQr6DzuvM/pqN914IufLzpw==",
      "requires": {
        "@lexical/offset": "0.5.0"
      }
    },
    "@types/hoist-non-react-statics": {
      "version": "3.3.1",
      "resolved": "https://registry.npmjs.org/@types/hoist-non-react-statics/-/hoist-non-react-statics-3.3.1.tgz",
      "integrity": "sha512-iMIqiko6ooLrTh1joXodJK5X9xeEALT1kM5G3ZLhD3hszxBdIEd5C75U834D9mLcINgD4OyZf5uQXjkuYydWvA==",
      "requires": {
        "@types/react": "*",
        "hoist-non-react-statics": "^3.3.0"
      }
    },
    "@types/prop-types": {
      "version": "15.7.5",
      "resolved": "https://registry.npmjs.org/@types/prop-types/-/prop-types-15.7.5.tgz",
      "integrity": "sha512-JCB8C6SnDoQf0cNycqd/35A7MjcnK+ZTqE7judS6o7utxUCg6imJg3QK2qzHKszlTjcj2cn+NwMB2i96ubpj7w=="
    },
    "@types/react": {
      "version": "18.0.23",
      "resolved": "https://registry.npmjs.org/@types/react/-/react-18.0.23.tgz",
      "integrity": "sha512-R1wTULtCiJkudAN2DJGoYYySbGtOdzZyUWAACYinKdiQC8auxso4kLDUhQ7AJ2kh3F6A6z4v69U6tNY39hihVQ==",
      "requires": {
        "@types/prop-types": "*",
        "@types/scheduler": "*",
        "csstype": "^3.0.2"
      }
    },
    "@types/scheduler": {
      "version": "0.16.2",
      "resolved": "https://registry.npmjs.org/@types/scheduler/-/scheduler-0.16.2.tgz",
      "integrity": "sha512-hppQEBDmlwhFAXKJX2KnWLYu5yMfi91yazPb2l+lbJiwW+wdo1gNeRA+3RgNSO39WYX2euey41KEwnqesU2Jew=="
    },
    "@types/use-sync-external-store": {
      "version": "0.0.3",
      "resolved": "https://registry.npmjs.org/@types/use-sync-external-store/-/use-sync-external-store-0.0.3.tgz",
      "integrity": "sha512-EwmlvuaxPNej9+T4v5AuBPJa2x2UOJVdjCtDHgcDqitUeOtjnJKJ+apYjVcAoBEMjKW1VVFGZLUb5+qqa09XFA=="
    },
    "clsx": {
      "version": "1.2.1",
      "resolved": "https://registry.npmjs.org/clsx/-/clsx-1.2.1.tgz",
      "integrity": "sha512-EcR6r5a8bj6pu3ycsa/E/cKVGuTgZJZdsyUYHOksG/UHIiKfjxzRxYJpyVBwYaQeOvghal9fcc4PidlgzugAQg=="
    },
    "csstype": {
      "version": "3.1.1",
      "resolved": "https://registry.npmjs.org/csstype/-/csstype-3.1.1.tgz",
      "integrity": "sha512-DJR/VvkAvSZW9bTouZue2sSxDwdTN92uHjqeKVm+0dAqdfNykRzQ95tay8aXMBAAPpUiq4Qcug2L7neoRh2Egw=="
    },
    "hoist-non-react-statics": {
      "version": "3.3.2",
      "resolved": "https://registry.npmjs.org/hoist-non-react-statics/-/hoist-non-react-statics-3.3.2.tgz",
      "integrity": "sha512-/gGivxi8JPKWNm/W0jSmzcMPpfpPLc3dY/6GxhX2hQ9iGj3aDfklV4ET7NjKpSinLpJ5vafa9iiGIEZg10SfBw==",
      "requires": {
        "react-is": "^16.7.0"
      }
    },
    "isomorphic.js": {
      "version": "0.2.5",
      "resolved": "https://registry.npmjs.org/isomorphic.js/-/isomorphic.js-0.2.5.tgz",
      "integrity": "sha512-PIeMbHqMt4DnUP3MA/Flc0HElYjMXArsw1qwJZcm9sqR8mq3l8NYizFMty0pWwE/tzIGH3EKK5+jes5mAr85yw==",
      "peer": true
    },
    "js-tokens": {
      "version": "4.0.0",
      "resolved": "https://registry.npmjs.org/js-tokens/-/js-tokens-4.0.0.tgz",
      "integrity": "sha512-RdJUflcE3cUzKiMqQgsCu06FPu9UdIJO0beYbPhHN4k6apgJtifcoCtT9bcxOpYBtpD2kCM6Sbzg4CausW/PKQ=="
    },
    "lexical": {
      "version": "0.5.0",
      "resolved": "https://registry.npmjs.org/lexical/-/lexical-0.5.0.tgz",
      "integrity": "sha512-J0cFuNPQQY5P9W5XW2/xgqp5W0eEQ2rxShLf8eevLvxFWsPSY3zjg3RCzTHyheSiGBBjKDIaM4gxtO8eNeJr2A=="
    },
    "lib0": {
      "version": "0.2.52",
      "resolved": "https://registry.npmjs.org/lib0/-/lib0-0.2.52.tgz",
      "integrity": "sha512-CjxlM7UgICfN6b2OPALBXchIBiNk6jE+1g7JP8ha+dh1xKRDSYpH0WQl1+rMqCju49xUnwPG34v4CR5/rPOZhg==",
      "peer": true,
      "requires": {
        "isomorphic.js": "^0.2.4"
      }
    },
    "loose-envify": {
      "version": "1.4.0",
      "resolved": "https://registry.npmjs.org/loose-envify/-/loose-envify-1.4.0.tgz",
      "integrity": "sha512-lyuxPGr/Wfhrlem2CL/UcnUc1zcqKAImBDzukY7Y5F/yQiNdko6+fRLevlw1HgMySw7f611UIY408EtxRSoK3Q==",
      "requires": {
        "js-tokens": "^3.0.0 || ^4.0.0"
      }
    },
    "object-assign": {
      "version": "4.1.1",
      "resolved": "https://registry.npmjs.org/object-assign/-/object-assign-4.1.1.tgz",
      "integrity": "sha512-rJgTQnkUnH1sFw8yT6VSU3zD3sWmu6sZhIseY8VX+GRu3P6F7Fu+JNDoXfklElbLJSnc3FUQHVe4cU5hj+BcUg=="
    },
    "prismjs": {
      "version": "1.29.0",
      "resolved": "https://registry.npmjs.org/prismjs/-/prismjs-1.29.0.tgz",
      "integrity": "sha512-Kx/1w86q/epKcmte75LNrEoT+lX8pBpavuAbvJWRXar7Hz8jrtF+e3vY751p0R8H9HdArwaCTNDDzHg/ScJK1Q=="
    },
    "prop-types": {
      "version": "15.8.1",
      "resolved": "https://registry.npmjs.org/prop-types/-/prop-types-15.8.1.tgz",
      "integrity": "sha512-oj87CgZICdulUohogVAR7AjlC0327U4el4L6eAvOqCeudMDVU0NThNaV+b9Df4dXgSP1gXMTnPdhfe/2qDH5cg==",
      "requires": {
        "loose-envify": "^1.4.0",
        "object-assign": "^4.1.1",
        "react-is": "^16.13.1"
      }
    },
    "react": {
      "version": "18.2.0",
      "resolved": "https://registry.npmjs.org/react/-/react-18.2.0.tgz",
      "integrity": "sha512-/3IjMdb2L9QbBdWiW5e3P2/npwMBaU9mHCSCUzNln0ZCYbcfTsGbTJrU/kGemdH2IWmB2ioZ+zkxtmq6g09fGQ==",
      "peer": true,
      "requires": {
        "loose-envify": "^1.1.0"
      }
    },
    "react-dom": {
      "version": "18.2.0",
      "resolved": "https://registry.npmjs.org/react-dom/-/react-dom-18.2.0.tgz",
      "integrity": "sha512-6IMTriUmvsjHUjNtEDudZfuDQUoWXVxKHhlEGSk81n4YFS+r/Kl99wXiwlVXtPBtJenozv2P+hxDsw9eA7Xo6g==",
      "peer": true,
      "requires": {
        "loose-envify": "^1.1.0",
        "scheduler": "^0.23.0"
      }
    },
    "react-is": {
      "version": "16.13.1",
      "resolved": "https://registry.npmjs.org/react-is/-/react-is-16.13.1.tgz",
      "integrity": "sha512-24e6ynE2H+OKt4kqsOvNd8kBpV65zoxbA4BVsEOB3ARVWQki/DHzaUoC5KuON/BiccDaCCTZBuOcfZs70kR8bQ=="
    },
    "react-redux": {
      "version": "8.0.4",
      "resolved": "https://registry.npmjs.org/react-redux/-/react-redux-8.0.4.tgz",
      "integrity": "sha512-yMfQ7mX6bWuicz2fids6cR1YT59VTuT8MKyyE310wJQlINKENCeT1UcPdEiX6znI5tF8zXyJ/VYvDgeGuaaNwQ==",
      "requires": {
        "@babel/runtime": "^7.12.1",
        "@types/hoist-non-react-statics": "^3.3.1",
        "@types/use-sync-external-store": "^0.0.3",
        "hoist-non-react-statics": "^3.3.2",
        "react-is": "^18.0.0",
        "use-sync-external-store": "^1.0.0"
      },
      "dependencies": {
        "react-is": {
          "version": "18.2.0",
          "resolved": "https://registry.npmjs.org/react-is/-/react-is-18.2.0.tgz",
          "integrity": "sha512-xWGDIW6x921xtzPkhiULtthJHoJvBbF3q26fzloPCK0hsvxtPVelvftw3zjbHWSkR2km9Z+4uxbDDK/6Zw9B8w=="
        }
      }
    },
    "regenerator-runtime": {
      "version": "0.13.10",
      "resolved": "https://registry.npmjs.org/regenerator-runtime/-/regenerator-runtime-0.13.10.tgz",
      "integrity": "sha512-KepLsg4dU12hryUO7bp/axHAKvwGOCV0sGloQtpagJ12ai+ojVDqkeGSiRX1zlq+kjIMZ1t7gpze+26QqtdGqw=="
    },
    "scheduler": {
      "version": "0.23.0",
      "resolved": "https://registry.npmjs.org/scheduler/-/scheduler-0.23.0.tgz",
      "integrity": "sha512-CtuThmgHNg7zIZWAXi3AsyIzA3n4xx7aNyjwC2VJldO2LMVDhFK+63xGqq6CsJH4rTAt6/M+N4GhZiDYPx9eUw==",
      "peer": true,
      "requires": {
        "loose-envify": "^1.1.0"
      }
    },
    "use-sync-external-store": {
      "version": "1.2.0",
      "resolved": "https://registry.npmjs.org/use-sync-external-store/-/use-sync-external-store-1.2.0.tgz",
      "integrity": "sha512-eEgnFxGQ1Ife9bzYs6VLi8/4X6CObHMw9Qr9tPY43iKwsPw8xE8+EFsf/2cFZ5S3esXgpWgtSCtLNS41F+sKPA==",
      "requires": {}
    },
    "yjs": {
      "version": "13.5.42",
      "resolved": "https://registry.npmjs.org/yjs/-/yjs-13.5.42.tgz",
      "integrity": "sha512-3aYBPeUSBUCs/vCOYolbyzhsQ6IDm1DeJgfhHVbW+6kq8YhWjkk2SUhYtBxd3lZPNsqmJGzYH9shKINhSVbEzw==",
      "peer": true,
      "requires": {
        "lib0": "^0.2.49"
      }
    }
  }
}
